// !$*UTF8*$!
{
	archiveVersion = 1;
	classes = {
	};
	objectVersion = 50;
	objects = {

/* Begin PBXBuildFile section */
		535F152AF3FBBFFC8E6F2C9C /* Pods_streetParker.framework in Frameworks */ = {isa = PBXBuildFile; fileRef = 3A63E7A4D2047855F0035FE4 /* Pods_streetParker.framework */; };
		A63DC94B23809D1300747BDB /* SWRevealViewController.m in Sources */ = {isa = PBXBuildFile; fileRef = A63DC94A23809D1300747BDB /* SWRevealViewController.m */; };
		A6BB77FE237C5D910092A463 /* AppDelegate.swift in Sources */ = {isa = PBXBuildFile; fileRef = A6BB77FD237C5D910092A463 /* AppDelegate.swift */; };
		A6BB7800237C5D910092A463 /* AuthVC.swift in Sources */ = {isa = PBXBuildFile; fileRef = A6BB77FF237C5D910092A463 /* AuthVC.swift */; };
		A6BB7803237C5D910092A463 /* Main.storyboard in Resources */ = {isa = PBXBuildFile; fileRef = A6BB7801237C5D910092A463 /* Main.storyboard */; };
		A6BB7805237C5D980092A463 /* Assets.xcassets in Resources */ = {isa = PBXBuildFile; fileRef = A6BB7804237C5D980092A463 /* Assets.xcassets */; };
		A6BB7808237C5D980092A463 /* LaunchScreen.storyboard in Resources */ = {isa = PBXBuildFile; fileRef = A6BB7806237C5D980092A463 /* LaunchScreen.storyboard */; };
		A6BB7811237C8FD10092A463 /* customizedButton.swift in Sources */ = {isa = PBXBuildFile; fileRef = A6BB7810237C8FD10092A463 /* customizedButton.swift */; };
		A6BB7813237D2C6B0092A463 /* GoogleService-Info.plist in Resources */ = {isa = PBXBuildFile; fileRef = A6BB7812237D2C6B0092A463 /* GoogleService-Info.plist */; };
		A6D20D9D237D9757002D5580 /* Dataservice.swift in Sources */ = {isa = PBXBuildFile; fileRef = A6D20D9C237D9757002D5580 /* Dataservice.swift */; };
		A6D20D9F237D9F52002D5580 /* ChatVC.swift in Sources */ = {isa = PBXBuildFile; fileRef = A6D20D9E237D9F52002D5580 /* ChatVC.swift */; };
		A6D20DA6237DA85F002D5580 /* SigninVC.swift in Sources */ = {isa = PBXBuildFile; fileRef = A6D20DA5237DA85F002D5580 /* SigninVC.swift */; };
		A6D20DA8237DAE58002D5580 /* UIViewExt.swift in Sources */ = {isa = PBXBuildFile; fileRef = A6D20DA7237DAE58002D5580 /* UIViewExt.swift */; };
		A6D20DAA237E8CAE002D5580 /* insetTxtField.swift in Sources */ = {isa = PBXBuildFile; fileRef = A6D20DA9237E8CAE002D5580 /* insetTxtField.swift */; };
		A6D20DAD237EE731002D5580 /* Authservice.swift in Sources */ = {isa = PBXBuildFile; fileRef = A6D20DAC237EE731002D5580 /* Authservice.swift */; };
		A6D20DAF237F26B4002D5580 /* FindVC.swift in Sources */ = {isa = PBXBuildFile; fileRef = A6D20DAE237F26B4002D5580 /* FindVC.swift */; };
/* End PBXBuildFile section */

/* Begin PBXFileReference section */
		3A63E7A4D2047855F0035FE4 /* Pods_streetParker.framework */ = {isa = PBXFileReference; explicitFileType = wrapper.framework; includeInIndex = 0; path = Pods_streetParker.framework; sourceTree = BUILT_PRODUCTS_DIR; };
		6D9CB933E0A194483707A210 /* Pods-streetParker.debug.xcconfig */ = {isa = PBXFileReference; includeInIndex = 1; lastKnownFileType = text.xcconfig; name = "Pods-streetParker.debug.xcconfig"; path = "Pods/Target Support Files/Pods-streetParker/Pods-streetParker.debug.xcconfig"; sourceTree = "<group>"; };
		898630E53F473148EA3BA36A /* Pods-streetParker.release.xcconfig */ = {isa = PBXFileReference; includeInIndex = 1; lastKnownFileType = text.xcconfig; name = "Pods-streetParker.release.xcconfig"; path = "Pods/Target Support Files/Pods-streetParker/Pods-streetParker.release.xcconfig"; sourceTree = "<group>"; };
		A63DC94923809D0F00747BDB /* SWRevealViewController.h */ = {isa = PBXFileReference; lastKnownFileType = sourcecode.c.h; path = SWRevealViewController.h; sourceTree = "<group>"; };
		A63DC94A23809D1300747BDB /* SWRevealViewController.m */ = {isa = PBXFileReference; lastKnownFileType = sourcecode.c.objc; path = SWRevealViewController.m; sourceTree = "<group>"; };
		A6BB77FA237C5D910092A463 /* streetParker.app */ = {isa = PBXFileReference; explicitFileType = wrapper.application; includeInIndex = 0; path = streetParker.app; sourceTree = BUILT_PRODUCTS_DIR; };
		A6BB77FD237C5D910092A463 /* AppDelegate.swift */ = {isa = PBXFileReference; lastKnownFileType = sourcecode.swift; path = AppDelegate.swift; sourceTree = "<group>"; };
		A6BB77FF237C5D910092A463 /* AuthVC.swift */ = {isa = PBXFileReference; lastKnownFileType = sourcecode.swift; path = AuthVC.swift; sourceTree = "<group>"; };
		A6BB7802237C5D910092A463 /* Base */ = {isa = PBXFileReference; lastKnownFileType = file.storyboard; name = Base; path = Base.lproj/Main.storyboard; sourceTree = "<group>"; };
		A6BB7804237C5D980092A463 /* Assets.xcassets */ = {isa = PBXFileReference; lastKnownFileType = folder.assetcatalog; path = Assets.xcassets; sourceTree = "<group>"; };
		A6BB7807237C5D980092A463 /* Base */ = {isa = PBXFileReference; lastKnownFileType = file.storyboard; name = Base; path = Base.lproj/LaunchScreen.storyboard; sourceTree = "<group>"; };
		A6BB7809237C5D980092A463 /* Info.plist */ = {isa = PBXFileReference; lastKnownFileType = text.plist.xml; path = Info.plist; sourceTree = "<group>"; };
		A6BB7810237C8FD10092A463 /* customizedButton.swift */ = {isa = PBXFileReference; lastKnownFileType = sourcecode.swift; path = customizedButton.swift; sourceTree = "<group>"; };
		A6BB7812237D2C6B0092A463 /* GoogleService-Info.plist */ = {isa = PBXFileReference; fileEncoding = 4; lastKnownFileType = text.plist.xml; path = "GoogleService-Info.plist"; sourceTree = "<group>"; };
		A6D20D9C237D9757002D5580 /* Dataservice.swift */ = {isa = PBXFileReference; lastKnownFileType = sourcecode.swift; path = Dataservice.swift; sourceTree = "<group>"; };
		A6D20D9E237D9F52002D5580 /* ChatVC.swift */ = {isa = PBXFileReference; lastKnownFileType = sourcecode.swift; path = ChatVC.swift; sourceTree = "<group>"; };
		A6D20DA5237DA85F002D5580 /* SigninVC.swift */ = {isa = PBXFileReference; lastKnownFileType = sourcecode.swift; path = SigninVC.swift; sourceTree = "<group>"; };
		A6D20DA7237DAE58002D5580 /* UIViewExt.swift */ = {isa = PBXFileReference; lastKnownFileType = sourcecode.swift; path = UIViewExt.swift; sourceTree = "<group>"; };
		A6D20DA9237E8CAE002D5580 /* insetTxtField.swift */ = {isa = PBXFileReference; lastKnownFileType = sourcecode.swift; path = insetTxtField.swift; sourceTree = "<group>"; };
		A6D20DAC237EE731002D5580 /* Authservice.swift */ = {isa = PBXFileReference; lastKnownFileType = sourcecode.swift; path = Authservice.swift; sourceTree = "<group>"; };
		A6D20DAE237F26B4002D5580 /* FindVC.swift */ = {isa = PBXFileReference; lastKnownFileType = sourcecode.swift; path = FindVC.swift; sourceTree = "<group>"; };
/* End PBXFileReference section */

/* Begin PBXFrameworksBuildPhase section */
		A6BB77F7237C5D910092A463 /* Frameworks */ = {
			isa = PBXFrameworksBuildPhase;
			buildActionMask = 2147483647;
			files = (
				535F152AF3FBBFFC8E6F2C9C /* Pods_streetParker.framework in Frameworks */,
			);
			runOnlyForDeploymentPostprocessing = 0;
		};
/* End PBXFrameworksBuildPhase section */

/* Begin PBXGroup section */
		9F2AF35FB5A7F6C6328F7AA9 /* Pods */ = {
			isa = PBXGroup;
			children = (
				6D9CB933E0A194483707A210 /* Pods-streetParker.debug.xcconfig */,
				898630E53F473148EA3BA36A /* Pods-streetParker.release.xcconfig */,
			);
			name = Pods;
			sourceTree = "<group>";
		};
		A6BB77F1237C5D910092A463 = {
			isa = PBXGroup;
			children = (
				A6BB77FC237C5D910092A463 /* streetParker */,
				A6BB77FB237C5D910092A463 /* Products */,
				9F2AF35FB5A7F6C6328F7AA9 /* Pods */,
				ABDA183B2F3C95CB308850F0 /* Frameworks */,
			);
			sourceTree = "<group>";
		};
		A6BB77FB237C5D910092A463 /* Products */ = {
			isa = PBXGroup;
			children = (
				A6BB77FA237C5D910092A463 /* streetParker.app */,
			);
			name = Products;
			sourceTree = "<group>";
		};
		A6BB77FC237C5D910092A463 /* streetParker */ = {
			isa = PBXGroup;
			children = (
				A6D20DAB237EE715002D5580 /* Services */,
				A6D20DA0237D9F5C002D5580 /* Controllers */,
				A6BB780F237C8FB50092A463 /* views */,
				A6BB77FD237C5D910092A463 /* AppDelegate.swift */,
				A6BB7801237C5D910092A463 /* Main.storyboard */,
				A6BB7804237C5D980092A463 /* Assets.xcassets */,
				A6BB7806237C5D980092A463 /* LaunchScreen.storyboard */,
				A6BB7809237C5D980092A463 /* Info.plist */,
				A6BB7812237D2C6B0092A463 /* GoogleService-Info.plist */,
			);
			path = streetParker;
			sourceTree = "<group>";
		};
		A6BB780F237C8FB50092A463 /* views */ = {
			isa = PBXGroup;
			children = (
				A6BB7810237C8FD10092A463 /* customizedButton.swift */,
				A6D20DA7237DAE58002D5580 /* UIViewExt.swift */,
				A6D20DA9237E8CAE002D5580 /* insetTxtField.swift */,
				A63DC94923809D0F00747BDB /* SWRevealViewController.h */,
				A63DC94A23809D1300747BDB /* SWRevealViewController.m */,
			);
			path = views;
			sourceTree = "<group>";
		};
		A6D20DA0237D9F5C002D5580 /* Controllers */ = {
			isa = PBXGroup;
			children = (
				A6BB77FF237C5D910092A463 /* AuthVC.swift */,
				A6D20D9E237D9F52002D5580 /* ChatVC.swift */,
				A6D20DA5237DA85F002D5580 /* SigninVC.swift */,
				A6D20DAE237F26B4002D5580 /* FindVC.swift */,
			);
			path = Controllers;
			sourceTree = "<group>";
		};
		A6D20DAB237EE715002D5580 /* Services */ = {
			isa = PBXGroup;
			children = (
				A6D20D9C237D9757002D5580 /* Dataservice.swift */,
				A6D20DAC237EE731002D5580 /* Authservice.swift */,
			);
			path = Services;
			sourceTree = "<group>";
		};
		ABDA183B2F3C95CB308850F0 /* Frameworks */ = {
			isa = PBXGroup;
			children = (
				3A63E7A4D2047855F0035FE4 /* Pods_streetParker.framework */,
			);
			name = Frameworks;
			sourceTree = "<group>";
		};
/* End PBXGroup section */

/* Begin PBXNativeTarget section */
		A6BB77F9237C5D910092A463 /* streetParker */ = {
			isa = PBXNativeTarget;
			buildConfigurationList = A6BB780C237C5D980092A463 /* Build configuration list for PBXNativeTarget "streetParker" */;
			buildPhases = (
				E17F0EA0D215919A2B60D7BF /* [CP] Check Pods Manifest.lock */,
				A6BB77F6237C5D910092A463 /* Sources */,
				A6BB77F7237C5D910092A463 /* Frameworks */,
				A6BB77F8237C5D910092A463 /* Resources */,
				26EF321E342A40C3E6B63782 /* [CP] Embed Pods Frameworks */,
			);
			buildRules = (
			);
			dependencies = (
			);
			name = streetParker;
			productName = streetParker;
			productReference = A6BB77FA237C5D910092A463 /* streetParker.app */;
			productType = "com.apple.product-type.application";
		};
/* End PBXNativeTarget section */

/* Begin PBXProject section */
		A6BB77F2237C5D910092A463 /* Project object */ = {
			isa = PBXProject;
			attributes = {
				LastSwiftUpdateCheck = 1030;
				LastUpgradeCheck = 1030;
				ORGANIZATIONNAME = "Jamil Jalal";
				TargetAttributes = {
					A6BB77F9237C5D910092A463 = {
						CreatedOnToolsVersion = 10.3;
					};
				};
			};
			buildConfigurationList = A6BB77F5237C5D910092A463 /* Build configuration list for PBXProject "streetParker" */;
			compatibilityVersion = "Xcode 9.3";
			developmentRegion = en;
			hasScannedForEncodings = 0;
			knownRegions = (
				en,
				Base,
			);
			mainGroup = A6BB77F1237C5D910092A463;
			productRefGroup = A6BB77FB237C5D910092A463 /* Products */;
			projectDirPath = "";
			projectRoot = "";
			targets = (
				A6BB77F9237C5D910092A463 /* streetParker */,
			);
		};
/* End PBXProject section */

/* Begin PBXResourcesBuildPhase section */
		A6BB77F8237C5D910092A463 /* Resources */ = {
			isa = PBXResourcesBuildPhase;
			buildActionMask = 2147483647;
			files = (
				A6BB7808237C5D980092A463 /* LaunchScreen.storyboard in Resources */,
				A6BB7813237D2C6B0092A463 /* GoogleService-Info.plist in Resources */,
				A6BB7805237C5D980092A463 /* Assets.xcassets in Resources */,
				A6BB7803237C5D910092A463 /* Main.storyboard in Resources */,
			);
			runOnlyForDeploymentPostprocessing = 0;
		};
/* End PBXResourcesBuildPhase section */

/* Begin PBXShellScriptBuildPhase section */
		26EF321E342A40C3E6B63782 /* [CP] Embed Pods Frameworks */ = {
			isa = PBXShellScriptBuildPhase;
			buildActionMask = 2147483647;
			files = (
			);
			inputPaths = (
				"${SRCROOT}/Pods/Target Support Files/Pods-streetParker/Pods-streetParker-frameworks.sh",
				"${BUILT_PRODUCTS_DIR}/GTMSessionFetcher/GTMSessionFetcher.framework",
				"${BUILT_PRODUCTS_DIR}/GoogleUtilities/GoogleUtilities.framework",
				"${BUILT_PRODUCTS_DIR}/leveldb-library/leveldb.framework",
				"${BUILT_PRODUCTS_DIR}/nanopb/nanopb.framework",
			);
			name = "[CP] Embed Pods Frameworks";
			outputPaths = (
				"${TARGET_BUILD_DIR}/${FRAMEWORKS_FOLDER_PATH}/GTMSessionFetcher.framework",
				"${TARGET_BUILD_DIR}/${FRAMEWORKS_FOLDER_PATH}/GoogleUtilities.framework",
				"${TARGET_BUILD_DIR}/${FRAMEWORKS_FOLDER_PATH}/leveldb.framework",
				"${TARGET_BUILD_DIR}/${FRAMEWORKS_FOLDER_PATH}/nanopb.framework",
			);
			runOnlyForDeploymentPostprocessing = 0;
			shellPath = /bin/sh;
			shellScript = "\"${SRCROOT}/Pods/Target Support Files/Pods-streetParker/Pods-streetParker-frameworks.sh\"\n";
			showEnvVarsInLog = 0;
		};
		E17F0EA0D215919A2B60D7BF /* [CP] Check Pods Manifest.lock */ = {
			isa = PBXShellScriptBuildPhase;
			buildActionMask = 2147483647;
			files = (
			);
			inputPaths = (
				"${PODS_PODFILE_DIR_PATH}/Podfile.lock",
				"${PODS_ROOT}/Manifest.lock",
			);
			name = "[CP] Check Pods Manifest.lock";
			outputPaths = (
				"$(DERIVED_FILE_DIR)/Pods-streetParker-checkManifestLockResult.txt",
			);
			runOnlyForDeploymentPostprocessing = 0;
			shellPath = /bin/sh;
			shellScript = "diff \"${PODS_PODFILE_DIR_PATH}/Podfile.lock\" \"${PODS_ROOT}/Manifest.lock\" > /dev/null\nif [ $? != 0 ] ; then\n    # print error to STDERR\n    echo \"error: The sandbox is not in sync with the Podfile.lock. Run 'pod install' or update your CocoaPods installation.\" >&2\n    exit 1\nfi\n# This output is used by Xcode 'outputs' to avoid re-running this script phase.\necho \"SUCCESS\" > \"${SCRIPT_OUTPUT_FILE_0}\"\n";
			showEnvVarsInLog = 0;
		};
/* End PBXShellScriptBuildPhase section */

/* Begin PBXSourcesBuildPhase section */
		A6BB77F6237C5D910092A463 /* Sources */ = {
			isa = PBXSourcesBuildPhase;
			buildActionMask = 2147483647;
			files = (
				A6BB7800237C5D910092A463 /* AuthVC.swift in Sources */,
				A6D20DAF237F26B4002D5580 /* FindVC.swift in Sources */,
				A6BB77FE237C5D910092A463 /* AppDelegate.swift in Sources */,
				A6D20DA8237DAE58002D5580 /* UIViewExt.swift in Sources */,
				A6BB7811237C8FD10092A463 /* customizedButton.swift in Sources */,
				A6D20D9F237D9F52002D5580 /* ChatVC.swift in Sources */,
				A6D20DAD237EE731002D5580 /* Authservice.swift in Sources */,
				A6D20DAA237E8CAE002D5580 /* insetTxtField.swift in Sources */,
				A63DC94B23809D1300747BDB /* SWRevealViewController.m in Sources */,
				A6D20DA6237DA85F002D5580 /* SigninVC.swift in Sources */,
				A6D20D9D237D9757002D5580 /* Dataservice.swift in Sources */,
			);
			runOnlyForDeploymentPostprocessing = 0;
		};
/* End PBXSourcesBuildPhase section */

/* Begin PBXVariantGroup section */
		A6BB7801237C5D910092A463 /* Main.storyboard */ = {
			isa = PBXVariantGroup;
			children = (
				A6BB7802237C5D910092A463 /* Base */,
			);
			name = Main.storyboard;
			sourceTree = "<group>";
		};
		A6BB7806237C5D980092A463 /* LaunchScreen.storyboard */ = {
			isa = PBXVariantGroup;
			children = (
				A6BB7807237C5D980092A463 /* Base */,
			);
			name = LaunchScreen.storyboard;
			sourceTree = "<group>";
		};
/* End PBXVariantGroup section */

/* Begin XCBuildConfiguration section */
		A6BB780A237C5D980092A463 /* Debug */ = {
			isa = XCBuildConfiguration;
			buildSettings = {
				ALWAYS_SEARCH_USER_PATHS = NO;
				CLANG_ANALYZER_NONNULL = YES;
				CLANG_ANALYZER_NUMBER_OBJECT_CONVERSION = YES_AGGRESSIVE;
				CLANG_CXX_LANGUAGE_STANDARD = "gnu++14";
				CLANG_CXX_LIBRARY = "libc++";
				CLANG_ENABLE_MODULES = YES;
				CLANG_ENABLE_OBJC_ARC = YES;
				CLANG_ENABLE_OBJC_WEAK = YES;
				CLANG_WARN_BLOCK_CAPTURE_AUTORELEASING = YES;
				CLANG_WARN_BOOL_CONVERSION = YES;
				CLANG_WARN_COMMA = YES;
				CLANG_WARN_CONSTANT_CONVERSION = YES;
				CLANG_WARN_DEPRECATED_OBJC_IMPLEMENTATIONS = YES;
				CLANG_WARN_DIRECT_OBJC_ISA_USAGE = YES_ERROR;
				CLANG_WARN_DOCUMENTATION_COMMENTS = YES;
				CLANG_WARN_EMPTY_BODY = YES;
				CLANG_WARN_ENUM_CONVERSION = YES;
				CLANG_WARN_INFINITE_RECURSION = YES;
				CLANG_WARN_INT_CONVERSION = YES;
				CLANG_WARN_NON_LITERAL_NULL_CONVERSION = YES;
				CLANG_WARN_OBJC_IMPLICIT_RETAIN_SELF = YES;
				CLANG_WARN_OBJC_LITERAL_CONVERSION = YES;
				CLANG_WARN_OBJC_ROOT_CLASS = YES_ERROR;
				CLANG_WARN_RANGE_LOOP_ANALYSIS = YES;
				CLANG_WARN_STRICT_PROTOTYPES = YES;
				CLANG_WARN_SUSPICIOUS_MOVE = YES;
				CLANG_WARN_UNGUARDED_AVAILABILITY = YES_AGGRESSIVE;
				CLANG_WARN_UNREACHABLE_CODE = YES;
				CLANG_WARN__DUPLICATE_METHOD_MATCH = YES;
				CODE_SIGN_IDENTITY = "iPhone Developer";
				COPY_PHASE_STRIP = NO;
				DEBUG_INFORMATION_FORMAT = dwarf;
				ENABLE_STRICT_OBJC_MSGSEND = YES;
				ENABLE_TESTABILITY = YES;
				GCC_C_LANGUAGE_STANDARD = gnu11;
				GCC_DYNAMIC_NO_PIC = NO;
				GCC_NO_COMMON_BLOCKS = YES;
				GCC_OPTIMIZATION_LEVEL = 0;
				GCC_PREPROCESSOR_DEFINITIONS = (
					"DEBUG=1",
					"$(inherited)",
				);
				GCC_WARN_64_TO_32_BIT_CONVERSION = YES;
				GCC_WARN_ABOUT_RETURN_TYPE = YES_ERROR;
				GCC_WARN_UNDECLARED_SELECTOR = YES;
				GCC_WARN_UNINITIALIZED_AUTOS = YES_AGGRESSIVE;
				GCC_WARN_UNUSED_FUNCTION = YES;
				GCC_WARN_UNUSED_VARIABLE = YES;
				IPHONEOS_DEPLOYMENT_TARGET = 12.4;
				MTL_ENABLE_DEBUG_INFO = INCLUDE_SOURCE;
				MTL_FAST_MATH = YES;
				ONLY_ACTIVE_ARCH = YES;
				SDKROOT = iphoneos;
				SWIFT_ACTIVE_COMPILATION_CONDITIONS = DEBUG;
				SWIFT_OPTIMIZATION_LEVEL = "-Onone";
			};
			name = Debug;
		};
		A6BB780B237C5D980092A463 /* Release */ = {
			isa = XCBuildConfiguration;
			buildSettings = {
				ALWAYS_SEARCH_USER_PATHS = NO;
				CLANG_ANALYZER_NONNULL = YES;
				CLANG_ANALYZER_NUMBER_OBJECT_CONVERSION = YES_AGGRESSIVE;
				CLANG_CXX_LANGUAGE_STANDARD = "gnu++14";
				CLANG_CXX_LIBRARY = "libc++";
				CLANG_ENABLE_MODULES = YES;
				CLANG_ENABLE_OBJC_ARC = YES;
				CLANG_ENABLE_OBJC_WEAK = YES;
				CLANG_WARN_BLOCK_CAPTURE_AUTORELEASING = YES;
				CLANG_WARN_BOOL_CONVERSION = YES;
				CLANG_WARN_COMMA = YES;
				CLANG_WARN_CONSTANT_CONVERSION = YES;
				CLANG_WARN_DEPRECATED_OBJC_IMPLEMENTATIONS = YES;
				CLANG_WARN_DIRECT_OBJC_ISA_USAGE = YES_ERROR;
				CLANG_WARN_DOCUMENTATION_COMMENTS = YES;
				CLANG_WARN_EMPTY_BODY = YES;
				CLANG_WARN_ENUM_CONVERSION = YES;
				CLANG_WARN_INFINITE_RECURSION = YES;
				CLANG_WARN_INT_CONVERSION = YES;
				CLANG_WARN_NON_LITERAL_NULL_CONVERSION = YES;
				CLANG_WARN_OBJC_IMPLICIT_RETAIN_SELF = YES;
				CLANG_WARN_OBJC_LITERAL_CONVERSION = YES;
				CLANG_WARN_OBJC_ROOT_CLASS = YES_ERROR;
				CLANG_WARN_RANGE_LOOP_ANALYSIS = YES;
				CLANG_WARN_STRICT_PROTOTYPES = YES;
				CLANG_WARN_SUSPICIOUS_MOVE = YES;
				CLANG_WARN_UNGUARDED_AVAILABILITY = YES_AGGRESSIVE;
				CLANG_WARN_UNREACHABLE_CODE = YES;
				CLANG_WARN__DUPLICATE_METHOD_MATCH = YES;
				CODE_SIGN_IDENTITY = "iPhone Developer";
				COPY_PHASE_STRIP = NO;
				DEBUG_INFORMATION_FORMAT = "dwarf-with-dsym";
				ENABLE_NS_ASSERTIONS = NO;
				ENABLE_STRICT_OBJC_MSGSEND = YES;
				GCC_C_LANGUAGE_STANDARD = gnu11;
				GCC_NO_COMMON_BLOCKS = YES;
				GCC_WARN_64_TO_32_BIT_CONVERSION = YES;
				GCC_WARN_ABOUT_RETURN_TYPE = YES_ERROR;
				GCC_WARN_UNDECLARED_SELECTOR = YES;
				GCC_WARN_UNINITIALIZED_AUTOS = YES_AGGRESSIVE;
				GCC_WARN_UNUSED_FUNCTION = YES;
				GCC_WARN_UNUSED_VARIABLE = YES;
				IPHONEOS_DEPLOYMENT_TARGET = 12.4;
				MTL_ENABLE_DEBUG_INFO = NO;
				MTL_FAST_MATH = YES;
				SDKROOT = iphoneos;
				SWIFT_COMPILATION_MODE = wholemodule;
				SWIFT_OPTIMIZATION_LEVEL = "-O";
				VALIDATE_PRODUCT = YES;
			};
			name = Release;
		};
		A6BB780D237C5D980092A463 /* Debug */ = {
			isa = XCBuildConfiguration;
			baseConfigurationReference = 6D9CB933E0A194483707A210 /* Pods-streetParker.debug.xcconfig */;
			buildSettings = {
				ASSETCATALOG_COMPILER_APPICON_NAME = AppIcon;
				CODE_SIGN_STYLE = Automatic;
				DEVELOPMENT_TEAM = LW3486MABY;
				INFOPLIST_FILE = streetParker/Info.plist;
				LD_RUNPATH_SEARCH_PATHS = (
					"$(inherited)",
					"@executable_path/Frameworks",
				);
				PRODUCT_BUNDLE_IDENTIFIER = com.jamiljalal.streetParker;
				PRODUCT_NAME = "$(TARGET_NAME)";
				SWIFT_VERSION = 5.0;
				TARGETED_DEVICE_FAMILY = "1,2";
			};
			name = Debug;
		};
		A6BB780E237C5D980092A463 /* Release */ = {
			isa = XCBuildConfiguration;
			baseConfigurationReference = 898630E53F473148EA3BA36A /* Pods-streetParker.release.xcconfig */;
			buildSettings = {
				ASSETCATALOG_COMPILER_APPICON_NAME = AppIcon;
				CODE_SIGN_STYLE = Automatic;
				DEVELOPMENT_TEAM = LW3486MABY;
				INFOPLIST_FILE = streetParker/Info.plist;
				LD_RUNPATH_SEARCH_PATHS = (
					"$(inherited)",
					"@executable_path/Frameworks",
				);
				PRODUCT_BUNDLE_IDENTIFIER = com.jamiljalal.streetParker;
				PRODUCT_NAME = "$(TARGET_NAME)";
				SWIFT_VERSION = 5.0;
				TARGETED_DEVICE_FAMILY = "1,2";
			};
			name = Release;
		};
/* End XCBuildConfiguration section */

/* Begin XCConfigurationList section */
		A6BB77F5237C5D910092A463 /* Build configuration list for PBXProject "streetParker" */ = {
			isa = XCConfigurationList;
			buildConfigurations = (
				A6BB780A237C5D980092A463 /* Debug */,
				A6BB780B237C5D980092A463 /* Release */,
			);
			defaultConfigurationIsVisible = 0;
			defaultConfigurationName = Release;
		};
		A6BB780C237C5D980092A463 /* Build configuration list for PBXNativeTarget "streetParker" */ = {
			isa = XCConfigurationList;
			buildConfigurations = (
				A6BB780D237C5D980092A463 /* Debug */,
				A6BB780E237C5D980092A463 /* Release */,
			);
			defaultConfigurationIsVisible = 0;
			defaultConfigurationName = Release;
		};
/* End XCConfigurationList section */
	};
	rootObject = A6BB77F2237C5D910092A463 /* Project object */;
}
